# @generated by Move, please check-in and do not edit manually.

[move]
version = 3
manifest_digest = "B6D47A597AE69FF3F6B7231FBBA9C071186BC19B4BA7D2790800B169D112F297"
deps_digest = "3C4103934B1E040BB6B23F1D610B4EF9F2F1166A50A104EADCF77467C004C600"
dependencies = [
  { id = "Iota", name = "Iota" },
  { id = "MoveStdlib", name = "MoveStdlib" },
]

[[move.package]]
id = "Iota"
source = { git = "https://github.com/iotaledger/iota.git", rev = "framework/mainnet", subdir = "crates/iota-framework/packages/iota-framework" }

dependencies = [
  { id = "MoveStdlib", name = "MoveStdlib" },
]

[[move.package]]
id = "MoveStdlib"
source = { git = "https://github.com/iotaledger/iota.git", rev = "framework/mainnet", subdir = "crates\\iota-framework\\packages\\move-stdlib" }

[move.toolchain-version]
compiler-version = "1.9.2-rc"
edition = "2024"
flavor = "iota"

[env]

[env.testnet]
chain-id = "2304aa97"
original-published-id = "0x5fd51453b40aae0b964449aa06949584d6b588a88e40ae115cc5293769808c3d"
latest-published-id = "0x5fd51453b40aae0b964449aa06949584d6b588a88e40ae115cc5293769808c3d"
published-version = "1"
