# @generated by Move, please check-in and do not edit manually.

[move]
version = 3
manifest_digest = "D219837380A0F2CB2031A0FE5A53A9BAAF51BF18098A13146D91494C0032AE60"
deps_digest = "3C4103934B1E040BB6B23F1D610B4EF9F2F1166A50A104EADCF77467C004C600"
dependencies = [
  { id = "Iota", name = "Iota" },
  { id = "MoveStdlib", name = "MoveStdlib" },
]

[[move.package]]
id = "Iota"
source = { git = "https://github.com/iotaledger/iota.git", rev = "framework/mainnet", subdir = "crates/iota-framework/packages/iota-framework" }

dependencies = [
  { id = "MoveStdlib", name = "MoveStdlib" },
]

[[move.package]]
id = "MoveStdlib"
source = { git = "https://github.com/iotaledger/iota.git", rev = "framework/mainnet", subdir = "crates\\iota-framework\\packages\\move-stdlib" }

[move.toolchain-version]
compiler-version = "1.9.2-rc"
edition = "2024"
flavor = "iota"

[env]

[env.testnet]
chain-id = "2304aa97"
original-published-id = "0xbe8689e72a8634bef82a833d327938e04c47816a818b0c1ec1a6e46a81c6e13b"
latest-published-id = "0xbe8689e72a8634bef82a833d327938e04c47816a818b0c1ec1a6e46a81c6e13b"
published-version = "1"
